{
    "_readme": [
        "This file locks the dependencies of your project to a known state",
        "Read more about it at https://getcomposer.org/doc/01-basic-usage.md#installing-dependencies",
        "This file is @generated automatically"
    ],
    "content-hash": "ac4031f4450142a6a138d78bb8999b1a",
    "packages": [
        {
            "name": "ngframer/ngframer.php.exceptions",
            "version": "v1.0.2",
            "source": {
                "type": "git",
                "url": "https://github.com/ngframer/ngframer.php.exceptions.git",
                "reference": "d3e8ec8914b805bdeb6a7eadb5e2062e42c147a6"
            },
            "dist": {
                "type": "zip",
                "url": "https://api.github.com/repos/ngframer/ngframer.php.exceptions/zipball/d3e8ec8914b805bdeb6a7eadb5e2062e42c147a6",
                "reference": "d3e8ec8914b805bdeb6a7eadb5e2062e42c147a6",
                "shasum": ""
            },
            "require": {
                "ext-json": "*"
            },
            "type": "library",
            "autoload": {
                "files": [],
                "psr-0": [],
                "psr-4": {
                    "NGFramer\\NGFramerPHPExceptions\\": ""
                },
                "classmap": [],
                "exclude-from-classmap": []
            },
            "notification-url": "https://packagist.org/downloads/",
            "license": [
                "MIT"
            ],
            "authors": [
                {
                    "name": "NG Framer",
                    "homepage": "https://github.com/ngframer"
                },
                {
                    "name": "Kishor Neupane",
                    "homepage": "https://github.com/neupkishor"
                }
            ],
            "description": "Exception and Exception handler for all the NGFramer projects and mostly used Exceptions and Exception handlers.",
            "support": {
                "issues": "https://github.com/ngframer/ngframer.php.exceptions/issues",
                "source": "https://github.com/ngframer/ngframer.php.exceptions/tree/v1.0.2"
            },
            "time": "2024-06-09T17:34:12+00:00"
        },
        {
            "name": "ngframer/ngframer.php.sqlservices",
            "version": "dev-main",
            "source": {
                "type": "git",
                "url": "https://github.com/ngframer/ngframer.php.sqlservices.git",
                "reference": "0bb464edadb7124c38e6b4a38471831b4c9d7fc5"
            },
            "dist": {
                "type": "zip",
                "url": "https://api.github.com/repos/ngframer/ngframer.php.sqlservices/zipball/0bb464edadb7124c38e6b4a38471831b4c9d7fc5",
                "reference": "0bb464edadb7124c38e6b4a38471831b4c9d7fc5",
                "shasum": ""
            },
            "require": {
                "ngframer/ngframer.php.exceptions": "^v1.0.0"
            },
            "default-branch": true,
            "type": "library",
            "autoload": {
                "files": [
                    "init.php"
                ],
                "psr-4": {
                    "NGFramer\\NGFramerPHPSQLServices\\": ""
                }
            },
            "notification-url": "https://packagist.org/downloads/",
            "license": [
                "MIT"
            ],
            "authors": [
                {
                    "name": "NG Framer",
                    "homepage": "https://github.com/ngframer"
                },
                {
                    "name": "Kishor Neupane",
                    "homepage": "https://github.com/neupkishor"
                }
            ],
            "description": "Build all the SQL queries using PHP, and also an executor.",
            "support": {
                "issues": "https://github.com/ngframer/ngframer.php.sqlservices/issues",
                "source": "https://github.com/ngframer/ngframer.php.sqlservices/tree/main"
            },
            "time": "2024-06-13T10:11:48+00:00"
        }
    ],
    "packages-dev": [],
    "aliases": [],
    "minimum-stability": "stable",
    "stability-flags": {
        "ngframer/ngframer.php.sqlservices": 20
    },
    "prefer-stable": false,
    "prefer-lowest": false,
    "platform": [],
    "platform-dev": [],
    "plugin-api-version": "2.6.0"
}
