{
    "_readme": [
        "This file locks the dependencies of your project to a known state",
        "Read more about it at https://getcomposer.org/doc/01-basic-usage.md#installing-dependencies",
        "This file is @generated automatically"
    ],
    "content-hash": "4007ecedbc8dae9839f882614ff087f1",
    "packages": [
        {
            "name": "ngframer/ngframer.php.dbservice",
            "version": "v1.1.2",
            "source": {
                "type": "git",
                "url": "https://github.com/ngframer/ngframer.php.dbservice.git",
                "reference": "671fbcc1af573535f02b5fb4ab03b4b377700b02"
            },
            "dist": {
                "type": "zip",
                "url": "https://api.github.com/repos/ngframer/ngframer.php.dbservice/zipball/671fbcc1af573535f02b5fb4ab03b4b377700b02",
                "reference": "671fbcc1af573535f02b5fb4ab03b4b377700b02",
                "shasum": ""
            },
            "require": {
                "ext-pdo": "*"
            },
            "type": "library",
            "autoload": {
                "psr-4": {
                    "NGFramer\\NGFramerPHPDbService\\": "/"
                }
            },
            "notification-url": "https://packagist.org/downloads/",
            "license": [
                "MIT"
            ],
            "authors": [
                {
                    "name": "NG Framer",
                    "homepage": "https://github.com/ngframer"
                },
                {
                    "name": "Kishor Neupane",
                    "homepage": "https://github.com/neupkishor"
                }
            ],
            "description": "Simple yet powerful database layer for PHP.",
            "support": {
                "issues": "https://github.com/ngframer/ngframer.php.dbservice/issues",
                "source": "https://github.com/ngframer/ngframer.php.dbservice/tree/v1.1.2"
            },
            "time": "2024-06-09T17:31:54+00:00"
        },
        {
            "name": "ngframer/ngframer.php.exceptions",
            "version": "v1.1.0",
            "source": {
                "type": "git",
                "url": "https://github.com/ngframer/ngframer.php.exceptions.git",
                "reference": "5356804ebdbc79521bcdb819898aab546e069c68"
            },
            "dist": {
                "type": "zip",
                "url": "https://api.github.com/repos/ngframer/ngframer.php.exceptions/zipball/5356804ebdbc79521bcdb819898aab546e069c68",
                "reference": "5356804ebdbc79521bcdb819898aab546e069c68",
                "shasum": ""
            },
            "require": {
                "ext-json": "*"
            },
            "type": "library",
            "autoload": {
                "files": [],
                "psr-0": [],
                "psr-4": {
                    "NGFramer\\NGFramerPHPExceptions\\": ""
                },
                "classmap": [],
                "exclude-from-classmap": []
            },
            "notification-url": "https://packagist.org/downloads/",
            "license": [
                "MIT"
            ],
            "authors": [
                {
                    "name": "NG Framer",
                    "homepage": "https://github.com/ngframer"
                },
                {
                    "name": "Kishor Neupane",
                    "homepage": "https://github.com/neupkishor"
                }
            ],
            "description": "Exception and Exception handler for all the NGFramer projects and mostly used Exceptions and Exception handlers.",
            "support": {
                "issues": "https://github.com/ngframer/ngframer.php.exceptions/issues",
                "source": "https://github.com/ngframer/ngframer.php.exceptions/tree/v1.1.0"
            },
            "time": "2024-06-16T11:13:46+00:00"
        },
        {
            "name": "ngframer/ngframer.php.sqlservices",
            "version": "v1.0.2",
            "source": {
                "type": "git",
                "url": "https://github.com/ngframer/ngframer.php.sqlservices.git",
                "reference": "eaa9f0fa167babf2c77c5c68834fff4f9f763505"
            },
            "dist": {
                "type": "zip",
                "url": "https://api.github.com/repos/ngframer/ngframer.php.sqlservices/zipball/eaa9f0fa167babf2c77c5c68834fff4f9f763505",
                "reference": "eaa9f0fa167babf2c77c5c68834fff4f9f763505",
                "shasum": ""
            },
            "require": {
                "ngframer/ngframer.php.dbservice": "~v1.1.2",
                "ngframer/ngframer.php.exceptions": "~v1.1.0"
            },
            "type": "library",
            "autoload": {
                "files": [
                    "init.php"
                ],
                "psr-4": {
                    "NGFramer\\NGFramerPHPSQLServices\\": ""
                }
            },
            "notification-url": "https://packagist.org/downloads/",
            "license": [
                "MIT"
            ],
            "authors": [
                {
                    "name": "NG Framer",
                    "homepage": "https://github.com/ngframer"
                },
                {
                    "name": "Kishor Neupane",
                    "homepage": "https://github.com/neupkishor"
                }
            ],
            "description": "Build all the SQL queries using PHP, and also an executor.",
            "support": {
                "issues": "https://github.com/ngframer/ngframer.php.sqlservices/issues",
                "source": "https://github.com/ngframer/ngframer.php.sqlservices/tree/v1.0.2"
            },
            "time": "2024-06-17T07:26:15+00:00"
        }
    ],
    "packages-dev": [],
    "aliases": [],
    "minimum-stability": "stable",
    "stability-flags": [],
    "prefer-stable": false,
    "prefer-lowest": false,
    "platform": {
        "ext-json": "*"
    },
    "platform-dev": [],
    "plugin-api-version": "2.6.0"
}
